{
  "version": 4,
  "terraform_version": "1.6.5",
  "serial": 3,
  "lineage": "f700f2e1-4b0f-b7af-ec96-10e8deab3fbd",
  "outputs": {},
  "resources": [
    {
      "mode": "managed",
      "type": "github_repository",
      "name": "git_repository",
      "provider": "provider[\"registry.terraform.io/integrations/github\"]",
      "instances": [
        {
          "schema_version": 1,
          "attributes": {
            "allow_auto_merge": false,
            "allow_merge_commit": true,
            "allow_rebase_merge": true,
            "allow_squash_merge": true,
            "allow_update_branch": false,
            "archive_on_destroy": null,
            "archived": false,
            "auto_init": null,
            "default_branch": "main",
            "delete_branch_on_merge": false,
            "description": "My awesome codebase",
            "etag": "W/\"8a7d1b39d618f5e4dab93f8ab238ce27dfbb220d4c9f7f93615f89bf3161fb51\"",
            "full_name": "fiyiawe/fiyistaticwebsite",
            "git_clone_url": "git://github.com/fiyiawe/fiyistaticwebsite.git",
            "gitignore_template": null,
            "has_discussions": false,
            "has_downloads": false,
            "has_issues": false,
            "has_projects": false,
            "has_wiki": false,
            "homepage_url": "",
            "html_url": "https://github.com/fiyiawe/fiyistaticwebsite",
            "http_clone_url": "https://github.com/fiyiawe/fiyistaticwebsite.git",
            "id": "fiyistaticwebsite",
            "ignore_vulnerability_alerts_during_read": null,
            "is_template": false,
            "license_template": null,
            "merge_commit_message": "PR_TITLE",
            "merge_commit_title": "MERGE_MESSAGE",
            "name": "fiyistaticwebsite",
            "node_id": "R_kgDOLfSE1A",
            "pages": [],
            "primary_language": "",
            "private": false,
            "repo_id": 770999508,
            "security_and_analysis": [
              {
                "advanced_security": [],
                "secret_scanning": [
                  {
                    "status": "enabled"
                  }
                ],
                "secret_scanning_push_protection": [
                  {
                    "status": "enabled"
                  }
                ]
              }
            ],
            "squash_merge_commit_message": "COMMIT_MESSAGES",
            "squash_merge_commit_title": "COMMIT_OR_PR_TITLE",
            "ssh_clone_url": "git@github.com:fiyiawe/fiyistaticwebsite.git",
            "svn_url": "https://github.com/fiyiawe/fiyistaticwebsite",
            "template": [],
            "topics": [],
            "visibility": "public",
            "vulnerability_alerts": false,
            "web_commit_signoff_required": false
          },
          "sensitive_attributes": [],
          "private": "eyJzY2hlbWFfdmVyc2lvbiI6IjEifQ=="
        }
      ]
    }
  ],
  "check_results": null
}
